
Microsoft Visual Studio Solution File, Format Version 12.00
# Visual Studio Version 17
VisualStudioVersion = 17.0.32126.317
MinimumVisualStudioVersion = 10.0.40219.1
Project("{FAE04EC0-301F-11D3-BF4B-00C04F79EFBC}") = "M1 Minesweeper", "M1 Minesweeper.csproj", "{96F837FE-5940-4849-984A-EE1049A3618F}"
EndProject
Project("{FAE04EC0-301F-11D3-BF4B-00C04F79EFBC}") = "MinesweeperModel1", "..\MinesweeperModel1\MinesweeperModel1.csproj", "{5A2E164C-76F5-4941-9E80-C96E0AF9E987}"
EndProject
Global
	GlobalSection(SolutionConfigurationPlatforms) = preSolution
		Debug|Any CPU = Debug|Any CPU
		Release|Any CPU = Release|Any CPU
	EndGlobalSection
	GlobalSection(ProjectConfigurationPlatforms) = postSolution
		{96F837FE-5940-4849-984A-EE1049A3618F}.Debug|Any CPU.ActiveCfg = Debug|Any CPU
		{96F837FE-5940-4849-984A-EE1049A3618F}.Debug|Any CPU.Build.0 = Debug|Any CPU
		{96F837FE-5940-4849-984A-EE1049A3618F}.Release|Any CPU.ActiveCfg = Release|Any CPU
		{96F837FE-5940-4849-984A-EE1049A3618F}.Release|Any CPU.Build.0 = Release|Any CPU
		{5A2E164C-76F5-4941-9E80-C96E0AF9E987}.Debug|Any CPU.ActiveCfg = Debug|Any CPU
		{5A2E164C-76F5-4941-9E80-C96E0AF9E987}.Debug|Any CPU.Build.0 = Debug|Any CPU
		{5A2E164C-76F5-4941-9E80-C96E0AF9E987}.Release|Any CPU.ActiveCfg = Release|Any CPU
		{5A2E164C-76F5-4941-9E80-C96E0AF9E987}.Release|Any CPU.Build.0 = Release|Any CPU
	EndGlobalSection
	GlobalSection(SolutionProperties) = preSolution
		HideSolutionNode = FALSE
	EndGlobalSection
	GlobalSection(ExtensibilityGlobals) = postSolution
		SolutionGuid = {B9BD5D3B-3CC4-423E-8397-0CECD9F51D5A}
	EndGlobalSection
EndGlobal
